// !$*UTF8*$!
{
	archiveVersion = 1;
	classes = {
	};
	objectVersion = 48;
	objects = {

/* Begin PBXBuildFile section */
		A5C575EB20420F0B00138278 /* AppDelegate.swift in Sources */ = {isa = PBXBuildFile; fileRef = A5C575EA20420F0B00138278 /* AppDelegate.swift */; };
		A5C575F020420F0B00138278 /* Main.storyboard in Resources */ = {isa = PBXBuildFile; fileRef = A5C575EE20420F0B00138278 /* Main.storyboard */; };
		A5C575F220420F0B00138278 /* Assets.xcassets in Resources */ = {isa = PBXBuildFile; fileRef = A5C575F120420F0B00138278 /* Assets.xcassets */; };
		A5C575F520420F0B00138278 /* LaunchScreen.storyboard in Resources */ = {isa = PBXBuildFile; fileRef = A5C575F320420F0B00138278 /* LaunchScreen.storyboard */; };
		A5C575FD20420F9300138278 /* ButtonScreen.swift in Sources */ = {isa = PBXBuildFile; fileRef = A5C575FC20420F9300138278 /* ButtonScreen.swift */; };
		A5C575FF20421B7A00138278 /* BBQ.mp3 in Resources */ = {isa = PBXBuildFile; fileRef = A5C575FE20421B7900138278 /* BBQ.mp3 */; };
/* End PBXBuildFile section */

/* Begin PBXFileReference section */
		A5C575E720420F0B00138278 /* SoundPlayer.app */ = {isa = PBXFileReference; explicitFileType = wrapper.application; includeInIndex = 0; path = SoundPlayer.app; sourceTree = BUILT_PRODUCTS_DIR; };
		A5C575EA20420F0B00138278 /* AppDelegate.swift */ = {isa = PBXFileReference; lastKnownFileType = sourcecode.swift; path = AppDelegate.swift; sourceTree = "<group>"; };
		A5C575EF20420F0B00138278 /* Base */ = {isa = PBXFileReference; lastKnownFileType = file.storyboard; name = Base; path = Base.lproj/Main.storyboard; sourceTree = "<group>"; };
		A5C575F120420F0B00138278 /* Assets.xcassets */ = {isa = PBXFileReference; lastKnownFileType = folder.assetcatalog; path = Assets.xcassets; sourceTree = "<group>"; };
		A5C575F420420F0B00138278 /* Base */ = {isa = PBXFileReference; lastKnownFileType = file.storyboard; name = Base; path = Base.lproj/LaunchScreen.storyboard; sourceTree = "<group>"; };
		A5C575F620420F0B00138278 /* Info.plist */ = {isa = PBXFileReference; lastKnownFileType = text.plist.xml; path = Info.plist; sourceTree = "<group>"; };
		A5C575FC20420F9300138278 /* ButtonScreen.swift */ = {isa = PBXFileReference; lastKnownFileType = sourcecode.swift; path = ButtonScreen.swift; sourceTree = "<group>"; };
		A5C575FE20421B7900138278 /* BBQ.mp3 */ = {isa = PBXFileReference; lastKnownFileType = audio.mp3; path = BBQ.mp3; sourceTree = "<group>"; };
/* End PBXFileReference section */

/* Begin PBXFrameworksBuildPhase section */
		A5C575E420420F0B00138278 /* Frameworks */ = {
			isa = PBXFrameworksBuildPhase;
			buildActionMask = 2147483647;
			files = (
			);
			runOnlyForDeploymentPostprocessing = 0;
		};
/* End PBXFrameworksBuildPhase section */

/* Begin PBXGroup section */
		A5C575DE20420F0B00138278 = {
			isa = PBXGroup;
			children = (
				A5C575E920420F0B00138278 /* SoundPlayer */,
				A5C575E820420F0B00138278 /* Products */,
			);
			sourceTree = "<group>";
		};
		A5C575E820420F0B00138278 /* Products */ = {
			isa = PBXGroup;
			children = (
				A5C575E720420F0B00138278 /* SoundPlayer.app */,
			);
			name = Products;
			sourceTree = "<group>";
		};
		A5C575E920420F0B00138278 /* SoundPlayer */ = {
			isa = PBXGroup;
			children = (
				A5C575FE20421B7900138278 /* BBQ.mp3 */,
				A5C575EA20420F0B00138278 /* AppDelegate.swift */,
				A5C575FC20420F9300138278 /* ButtonScreen.swift */,
				A5C575EE20420F0B00138278 /* Main.storyboard */,
				A5C575F120420F0B00138278 /* Assets.xcassets */,
				A5C575F320420F0B00138278 /* LaunchScreen.storyboard */,
				A5C575F620420F0B00138278 /* Info.plist */,
			);
			path = SoundPlayer;
			sourceTree = "<group>";
		};
/* End PBXGroup section */

/* Begin PBXNativeTarget section */
		A5C575E620420F0B00138278 /* SoundPlayer */ = {
			isa = PBXNativeTarget;
			buildConfigurationList = A5C575F920420F0B00138278 /* Build configuration list for PBXNativeTarget "SoundPlayer" */;
			buildPhases = (
				A5C575E320420F0B00138278 /* Sources */,
				A5C575E420420F0B00138278 /* Frameworks */,
				A5C575E520420F0B00138278 /* Resources */,
			);
			buildRules = (
			);
			dependencies = (
			);
			name = SoundPlayer;
			productName = SoundPlayer;
			productReference = A5C575E720420F0B00138278 /* SoundPlayer.app */;
			productType = "com.apple.product-type.application";
		};
/* End PBXNativeTarget section */

/* Begin PBXProject section */
		A5C575DF20420F0B00138278 /* Project object */ = {
			isa = PBXProject;
			attributes = {
				LastSwiftUpdateCheck = 0920;
				LastUpgradeCheck = 0920;
				ORGANIZATIONNAME = "Erick González";
				TargetAttributes = {
					A5C575E620420F0B00138278 = {
						CreatedOnToolsVersion = 9.2;
						ProvisioningStyle = Automatic;
					};
				};
			};
			buildConfigurationList = A5C575E220420F0B00138278 /* Build configuration list for PBXProject "SoundPlayer" */;
			compatibilityVersion = "Xcode 8.0";
			developmentRegion = en;
			hasScannedForEncodings = 0;
			knownRegions = (
				en,
				Base,
			);
			mainGroup = A5C575DE20420F0B00138278;
			productRefGroup = A5C575E820420F0B00138278 /* Products */;
			projectDirPath = "";
			projectRoot = "";
			targets = (
				A5C575E620420F0B00138278 /* SoundPlayer */,
			);
		};
/* End PBXProject section */

/* Begin PBXResourcesBuildPhase section */
		A5C575E520420F0B00138278 /* Resources */ = {
			isa = PBXResourcesBuildPhase;
			buildActionMask = 2147483647;
			files = (
				A5C575F520420F0B00138278 /* LaunchScreen.storyboard in Resources */,
				A5C575F220420F0B00138278 /* Assets.xcassets in Resources */,
				A5C575FF20421B7A00138278 /* BBQ.mp3 in Resources */,
				A5C575F020420F0B00138278 /* Main.storyboard in Resources */,
			);
			runOnlyForDeploymentPostprocessing = 0;
		};
/* End PBXResourcesBuildPhase section */

/* Begin PBXSourcesBuildPhase section */
		A5C575E320420F0B00138278 /* Sources */ = {
			isa = PBXSourcesBuildPhase;
			buildActionMask = 2147483647;
			files = (
				A5C575EB20420F0B00138278 /* AppDelegate.swift in Sources */,
				A5C575FD20420F9300138278 /* ButtonScreen.swift in Sources */,
			);
			runOnlyForDeploymentPostprocessing = 0;
		};
/* End PBXSourcesBuildPhase section */

/* Begin PBXVariantGroup section */
		A5C575EE20420F0B00138278 /* Main.storyboard */ = {
			isa = PBXVariantGroup;
			children = (
				A5C575EF20420F0B00138278 /* Base */,
			);
			name = Main.storyboard;
			sourceTree = "<group>";
		};
		A5C575F320420F0B00138278 /* LaunchScreen.storyboard */ = {
			isa = PBXVariantGroup;
			children = (
				A5C575F420420F0B00138278 /* Base */,
			);
			name = LaunchScreen.storyboard;
			sourceTree = "<group>";
		};
/* End PBXVariantGroup section */

/* Begin XCBuildConfiguration section */
		A5C575F720420F0B00138278 /* Debug */ = {
			isa = XCBuildConfiguration;
			buildSettings = {
				ALWAYS_SEARCH_USER_PATHS = NO;
				CLANG_ANALYZER_NONNULL = YES;
				CLANG_ANALYZER_NUMBER_OBJECT_CONVERSION = YES_AGGRESSIVE;
				CLANG_CXX_LANGUAGE_STANDARD = "gnu++14";
				CLANG_CXX_LIBRARY = "libc++";
				CLANG_ENABLE_MODULES = YES;
				CLANG_ENABLE_OBJC_ARC = YES;
				CLANG_WARN_BLOCK_CAPTURE_AUTORELEASING = YES;
				CLANG_WARN_BOOL_CONVERSION = YES;
				CLANG_WARN_COMMA = YES;
				CLANG_WARN_CONSTANT_CONVERSION = YES;
				CLANG_WARN_DIRECT_OBJC_ISA_USAGE = YES_ERROR;
				CLANG_WARN_DOCUMENTATION_COMMENTS = YES;
				CLANG_WARN_EMPTY_BODY = YES;
				CLANG_WARN_ENUM_CONVERSION = YES;
				CLANG_WARN_INFINITE_RECURSION = YES;
				CLANG_WARN_INT_CONVERSION = YES;
				CLANG_WARN_NON_LITERAL_NULL_CONVERSION = YES;
				CLANG_WARN_OBJC_LITERAL_CONVERSION = YES;
				CLANG_WARN_OBJC_ROOT_CLASS = YES_ERROR;
				CLANG_WARN_RANGE_LOOP_ANALYSIS = YES;
				CLANG_WARN_STRICT_PROTOTYPES = YES;
				CLANG_WARN_SUSPICIOUS_MOVE = YES;
				CLANG_WARN_UNGUARDED_AVAILABILITY = YES_AGGRESSIVE;
				CLANG_WARN_UNREACHABLE_CODE = YES;
				CLANG_WARN__DUPLICATE_METHOD_MATCH = YES;
				CODE_SIGN_IDENTITY = "iPhone Developer";
				COPY_PHASE_STRIP = NO;
				DEBUG_INFORMATION_FORMAT = dwarf;
				ENABLE_STRICT_OBJC_MSGSEND = YES;
				ENABLE_TESTABILITY = YES;
				GCC_C_LANGUAGE_STANDARD = gnu11;
				GCC_DYNAMIC_NO_PIC = NO;
				GCC_NO_COMMON_BLOCKS = YES;
				GCC_OPTIMIZATION_LEVEL = 0;
				GCC_PREPROCESSOR_DEFINITIONS = (
					"DEBUG=1",
					"$(inherited)",
				);
				GCC_WARN_64_TO_32_BIT_CONVERSION = YES;
				GCC_WARN_ABOUT_RETURN_TYPE = YES_ERROR;
				GCC_WARN_UNDECLARED_SELECTOR = YES;
				GCC_WARN_UNINITIALIZED_AUTOS = YES_AGGRESSIVE;
				GCC_WARN_UNUSED_FUNCTION = YES;
				GCC_WARN_UNUSED_VARIABLE = YES;
				IPHONEOS_DEPLOYMENT_TARGET = 11.2;
				MTL_ENABLE_DEBUG_INFO = YES;
				ONLY_ACTIVE_ARCH = YES;
				SDKROOT = iphoneos;
				SWIFT_ACTIVE_COMPILATION_CONDITIONS = DEBUG;
				SWIFT_OPTIMIZATION_LEVEL = "-Onone";
			};
			name = Debug;
		};
		A5C575F820420F0B00138278 /* Release */ = {
			isa = XCBuildConfiguration;
			buildSettings = {
				ALWAYS_SEARCH_USER_PATHS = NO;
				CLANG_ANALYZER_NONNULL = YES;
				CLANG_ANALYZER_NUMBER_OBJECT_CONVERSION = YES_AGGRESSIVE;
				CLANG_CXX_LANGUAGE_STANDARD = "gnu++14";
				CLANG_CXX_LIBRARY = "libc++";
				CLANG_ENABLE_MODULES = YES;
				CLANG_ENABLE_OBJC_ARC = YES;
				CLANG_WARN_BLOCK_CAPTURE_AUTORELEASING = YES;
				CLANG_WARN_BOOL_CONVERSION = YES;
				CLANG_WARN_COMMA = YES;
				CLANG_WARN_CONSTANT_CONVERSION = YES;
				CLANG_WARN_DIRECT_OBJC_ISA_USAGE = YES_ERROR;
				CLANG_WARN_DOCUMENTATION_COMMENTS = YES;
				CLANG_WARN_EMPTY_BODY = YES;
				CLANG_WARN_ENUM_CONVERSION = YES;
				CLANG_WARN_INFINITE_RECURSION = YES;
				CLANG_WARN_INT_CONVERSION = YES;
				CLANG_WARN_NON_LITERAL_NULL_CONVERSION = YES;
				CLANG_WARN_OBJC_LITERAL_CONVERSION = YES;
				CLANG_WARN_OBJC_ROOT_CLASS = YES_ERROR;
				CLANG_WARN_RANGE_LOOP_ANALYSIS = YES;
				CLANG_WARN_STRICT_PROTOTYPES = YES;
				CLANG_WARN_SUSPICIOUS_MOVE = YES;
				CLANG_WARN_UNGUARDED_AVAILABILITY = YES_AGGRESSIVE;
				CLANG_WARN_UNREACHABLE_CODE = YES;
				CLANG_WARN__DUPLICATE_METHOD_MATCH = YES;
				CODE_SIGN_IDENTITY = "iPhone Developer";
				COPY_PHASE_STRIP = NO;
				DEBUG_INFORMATION_FORMAT = "dwarf-with-dsym";
				ENABLE_NS_ASSERTIONS = NO;
				ENABLE_STRICT_OBJC_MSGSEND = YES;
				GCC_C_LANGUAGE_STANDARD = gnu11;
				GCC_NO_COMMON_BLOCKS = YES;
				GCC_WARN_64_TO_32_BIT_CONVERSION = YES;
				GCC_WARN_ABOUT_RETURN_TYPE = YES_ERROR;
				GCC_WARN_UNDECLARED_SELECTOR = YES;
				GCC_WARN_UNINITIALIZED_AUTOS = YES_AGGRESSIVE;
				GCC_WARN_UNUSED_FUNCTION = YES;
				GCC_WARN_UNUSED_VARIABLE = YES;
				IPHONEOS_DEPLOYMENT_TARGET = 11.2;
				MTL_ENABLE_DEBUG_INFO = NO;
				SDKROOT = iphoneos;
				SWIFT_OPTIMIZATION_LEVEL = "-Owholemodule";
				VALIDATE_PRODUCT = YES;
			};
			name = Release;
		};
		A5C575FA20420F0B00138278 /* Debug */ = {
			isa = XCBuildConfiguration;
			buildSettings = {
				ASSETCATALOG_COMPILER_APPICON_NAME = AppIcon;
				CODE_SIGN_STYLE = Automatic;
				DEVELOPMENT_TEAM = FF3HVH2MXB;
				INFOPLIST_FILE = SoundPlayer/Info.plist;
				LD_RUNPATH_SEARCH_PATHS = "$(inherited) @executable_path/Frameworks";
				PRODUCT_BUNDLE_IDENTIFIER = "Erick-Gonzalez.SoundPlayer";
				PRODUCT_NAME = "$(TARGET_NAME)";
				SWIFT_VERSION = 4.0;
				TARGETED_DEVICE_FAMILY = "1,2";
			};
			name = Debug;
		};
		A5C575FB20420F0B00138278 /* Release */ = {
			isa = XCBuildConfiguration;
			buildSettings = {
				ASSETCATALOG_COMPILER_APPICON_NAME = AppIcon;
				CODE_SIGN_STYLE = Automatic;
				DEVELOPMENT_TEAM = FF3HVH2MXB;
				INFOPLIST_FILE = SoundPlayer/Info.plist;
				LD_RUNPATH_SEARCH_PATHS = "$(inherited) @executable_path/Frameworks";
				PRODUCT_BUNDLE_IDENTIFIER = "Erick-Gonzalez.SoundPlayer";
				PRODUCT_NAME = "$(TARGET_NAME)";
				SWIFT_VERSION = 4.0;
				TARGETED_DEVICE_FAMILY = "1,2";
			};
			name = Release;
		};
/* End XCBuildConfiguration section */

/* Begin XCConfigurationList section */
		A5C575E220420F0B00138278 /* Build configuration list for PBXProject "SoundPlayer" */ = {
			isa = XCConfigurationList;
			buildConfigurations = (
				A5C575F720420F0B00138278 /* Debug */,
				A5C575F820420F0B00138278 /* Release */,
			);
			defaultConfigurationIsVisible = 0;
			defaultConfigurationName = Release;
		};
		A5C575F920420F0B00138278 /* Build configuration list for PBXNativeTarget "SoundPlayer" */ = {
			isa = XCConfigurationList;
			buildConfigurations = (
				A5C575FA20420F0B00138278 /* Debug */,
				A5C575FB20420F0B00138278 /* Release */,
			);
			defaultConfigurationIsVisible = 0;
			defaultConfigurationName = Release;
		};
/* End XCConfigurationList section */
	};
	rootObject = A5C575DF20420F0B00138278 /* Project object */;
}
